// !$*UTF8*$!
{
	archiveVersion = 1;
	classes = {
	};
	objectVersion = 48;
	objects = {

/* Begin PBXBuildFile section */
		54244548F92496E8DB04FA8C /* Pods_IntelligentPlanting.framework in Frameworks */ = {isa = PBXBuildFile; fileRef = EFCD18FB142E5DB24B8A1C8B /* Pods_IntelligentPlanting.framework */; };
		8948408F2066CA540012BB27 /* AppDelegate.swift in Sources */ = {isa = PBXBuildFile; fileRef = 8948408E2066CA540012BB27 /* AppDelegate.swift */; };
		894840912066CA540012BB27 /* art.scnassets in Resources */ = {isa = PBXBuildFile; fileRef = 894840902066CA540012BB27 /* art.scnassets */; };
		894840962066CA540012BB27 /* Main.storyboard in Resources */ = {isa = PBXBuildFile; fileRef = 894840942066CA540012BB27 /* Main.storyboard */; };
		894840982066CA540012BB27 /* Assets.xcassets in Resources */ = {isa = PBXBuildFile; fileRef = 894840972066CA540012BB27 /* Assets.xcassets */; };
		8948409B2066CA540012BB27 /* LaunchScreen.storyboard in Resources */ = {isa = PBXBuildFile; fileRef = 894840992066CA540012BB27 /* LaunchScreen.storyboard */; };
		894840A82066D5550012BB27 /* ARViewController.swift in Sources */ = {isa = PBXBuildFile; fileRef = 894840A72066D5550012BB27 /* ARViewController.swift */; };
		894840B02066D5F10012BB27 /* HomeViewController.swift in Sources */ = {isa = PBXBuildFile; fileRef = 894840AF2066D5F10012BB27 /* HomeViewController.swift */; };
		894840B42066DAFE0012BB27 /* Constants.swift in Sources */ = {isa = PBXBuildFile; fileRef = 894840B32066DAFE0012BB27 /* Constants.swift */; };
		894840B6206725010012BB27 /* ServerService.swift in Sources */ = {isa = PBXBuildFile; fileRef = 894840B5206725010012BB27 /* ServerService.swift */; };
		89F191B82067AF6300D9B5CB /* PlantTableViewCell.swift in Sources */ = {isa = PBXBuildFile; fileRef = 89F191B72067AF6300D9B5CB /* PlantTableViewCell.swift */; };
		A2800B752067852600AE25D1 /* GoogleService-Info.plist in Resources */ = {isa = PBXBuildFile; fileRef = A2800B742067852500AE25D1 /* GoogleService-Info.plist */; };
		A2800B7C2067AFAE00AE25D1 /* demo-image.jpg in Resources */ = {isa = PBXBuildFile; fileRef = A2800B7B2067AFAE00AE25D1 /* demo-image.jpg */; };
		A2800B7E2067B0E200AE25D1 /* VisionAPI.swift in Sources */ = {isa = PBXBuildFile; fileRef = A2800B7D2067B0E200AE25D1 /* VisionAPI.swift */; };
/* End PBXBuildFile section */

/* Begin PBXFileReference section */
		8948408B2066CA540012BB27 /* IntelligentPlanting.app */ = {isa = PBXFileReference; explicitFileType = wrapper.application; includeInIndex = 0; path = IntelligentPlanting.app; sourceTree = BUILT_PRODUCTS_DIR; };
		8948408E2066CA540012BB27 /* AppDelegate.swift */ = {isa = PBXFileReference; lastKnownFileType = sourcecode.swift; path = AppDelegate.swift; sourceTree = "<group>"; };
		894840902066CA540012BB27 /* art.scnassets */ = {isa = PBXFileReference; lastKnownFileType = wrapper.scnassets; path = art.scnassets; sourceTree = "<group>"; };
		894840952066CA540012BB27 /* Base */ = {isa = PBXFileReference; lastKnownFileType = file.storyboard; name = Base; path = Base.lproj/Main.storyboard; sourceTree = "<group>"; };
		894840972066CA540012BB27 /* Assets.xcassets */ = {isa = PBXFileReference; lastKnownFileType = folder.assetcatalog; path = Assets.xcassets; sourceTree = "<group>"; };
		8948409A2066CA540012BB27 /* Base */ = {isa = PBXFileReference; lastKnownFileType = file.storyboard; name = Base; path = Base.lproj/LaunchScreen.storyboard; sourceTree = "<group>"; };
		894840A72066D5550012BB27 /* ARViewController.swift */ = {isa = PBXFileReference; fileEncoding = 4; lastKnownFileType = sourcecode.swift; name = ARViewController.swift; path = IntelligentPlanting/Controllers/ARViewController.swift; sourceTree = SOURCE_ROOT; };
		894840AB2066D5A60012BB27 /* Info.plist */ = {isa = PBXFileReference; fileEncoding = 4; lastKnownFileType = text.plist.xml; name = Info.plist; path = IntelligentPlanting/Supporting/Info.plist; sourceTree = "<group>"; };
		894840AF2066D5F10012BB27 /* HomeViewController.swift */ = {isa = PBXFileReference; lastKnownFileType = sourcecode.swift; name = HomeViewController.swift; path = IntelligentPlanting/Controllers/HomeViewController.swift; sourceTree = SOURCE_ROOT; };
		894840B32066DAFE0012BB27 /* Constants.swift */ = {isa = PBXFileReference; lastKnownFileType = sourcecode.swift; name = Constants.swift; path = IntelligentPlanting/Supporting/Constants.swift; sourceTree = "<group>"; };
		894840B5206725010012BB27 /* ServerService.swift */ = {isa = PBXFileReference; lastKnownFileType = sourcecode.swift; path = ServerService.swift; sourceTree = "<group>"; };
		89F191B72067AF6300D9B5CB /* PlantTableViewCell.swift */ = {isa = PBXFileReference; lastKnownFileType = sourcecode.swift; path = PlantTableViewCell.swift; sourceTree = "<group>"; };
		A2800B73206781E400AE25D1 /* IntelligentPlanting.entitlements */ = {isa = PBXFileReference; lastKnownFileType = text.plist.entitlements; path = IntelligentPlanting.entitlements; sourceTree = "<group>"; };
		A2800B742067852500AE25D1 /* GoogleService-Info.plist */ = {isa = PBXFileReference; fileEncoding = 4; lastKnownFileType = text.plist.xml; path = "GoogleService-Info.plist"; sourceTree = "<group>"; };
		A2800B7B2067AFAE00AE25D1 /* demo-image.jpg */ = {isa = PBXFileReference; lastKnownFileType = image.jpeg; path = "demo-image.jpg"; sourceTree = "<group>"; };
		A2800B7D2067B0E200AE25D1 /* VisionAPI.swift */ = {isa = PBXFileReference; lastKnownFileType = sourcecode.swift; name = VisionAPI.swift; path = IntelligentPlanting/Controllers/VisionAPI.swift; sourceTree = SOURCE_ROOT; };
		D5667683CD6E9622A889C174 /* Pods-IntelligentPlanting.release.xcconfig */ = {isa = PBXFileReference; includeInIndex = 1; lastKnownFileType = text.xcconfig; name = "Pods-IntelligentPlanting.release.xcconfig"; path = "Pods/Target Support Files/Pods-IntelligentPlanting/Pods-IntelligentPlanting.release.xcconfig"; sourceTree = "<group>"; };
		EFCD18FB142E5DB24B8A1C8B /* Pods_IntelligentPlanting.framework */ = {isa = PBXFileReference; explicitFileType = wrapper.framework; includeInIndex = 0; path = Pods_IntelligentPlanting.framework; sourceTree = BUILT_PRODUCTS_DIR; };
		FB26856CE1D98340E94D7598 /* Pods-IntelligentPlanting.debug.xcconfig */ = {isa = PBXFileReference; includeInIndex = 1; lastKnownFileType = text.xcconfig; name = "Pods-IntelligentPlanting.debug.xcconfig"; path = "Pods/Target Support Files/Pods-IntelligentPlanting/Pods-IntelligentPlanting.debug.xcconfig"; sourceTree = "<group>"; };
/* End PBXFileReference section */

/* Begin PBXFrameworksBuildPhase section */
		894840882066CA540012BB27 /* Frameworks */ = {
			isa = PBXFrameworksBuildPhase;
			buildActionMask = 2147483647;
			files = (
				54244548F92496E8DB04FA8C /* Pods_IntelligentPlanting.framework in Frameworks */,
			);
			runOnlyForDeploymentPostprocessing = 0;
		};
/* End PBXFrameworksBuildPhase section */

/* Begin PBXGroup section */
		894840822066CA540012BB27 = {
			isa = PBXGroup;
			children = (
				8948408D2066CA540012BB27 /* IntelligentPlanting */,
				8948408C2066CA540012BB27 /* Products */,
				A36440D7506E492120BBDE84 /* Pods */,
				CEFEDFC2E52CE27841906693 /* Frameworks */,
			);
			sourceTree = "<group>";
		};
		8948408C2066CA540012BB27 /* Products */ = {
			isa = PBXGroup;
			children = (
				8948408B2066CA540012BB27 /* IntelligentPlanting.app */,
			);
			name = Products;
			sourceTree = "<group>";
		};
		8948408D2066CA540012BB27 /* IntelligentPlanting */ = {
			isa = PBXGroup;
			children = (
				A2800B73206781E400AE25D1 /* IntelligentPlanting.entitlements */,
				8948408E2066CA540012BB27 /* AppDelegate.swift */,
				894840B5206725010012BB27 /* ServerService.swift */,
				89F191B62067AF4A00D9B5CB /* Models */,
				894840A62066D5310012BB27 /* Controllers */,
				894840A92066D5670012BB27 /* Storyboard */,
				894840AA2066D5920012BB27 /* Supporting */,
				894840902066CA540012BB27 /* art.scnassets */,
				894840972066CA540012BB27 /* Assets.xcassets */,
			);
			path = IntelligentPlanting;
			sourceTree = "<group>";
		};
		894840A62066D5310012BB27 /* Controllers */ = {
			isa = PBXGroup;
			children = (
				894840A72066D5550012BB27 /* ARViewController.swift */,
				894840AF2066D5F10012BB27 /* HomeViewController.swift */,
				A2800B7D2067B0E200AE25D1 /* VisionAPI.swift */,
			);
			name = Controllers;
			path = "New Group";
			sourceTree = "<group>";
		};
		894840A92066D5670012BB27 /* Storyboard */ = {
			isa = PBXGroup;
			children = (
				894840942066CA540012BB27 /* Main.storyboard */,
				894840992066CA540012BB27 /* LaunchScreen.storyboard */,
			);
			path = Storyboard;
			sourceTree = "<group>";
		};
		894840AA2066D5920012BB27 /* Supporting */ = {
			isa = PBXGroup;
			children = (
				A2800B7B2067AFAE00AE25D1 /* demo-image.jpg */,
				A2800B742067852500AE25D1 /* GoogleService-Info.plist */,
				894840AB2066D5A60012BB27 /* Info.plist */,
				894840B32066DAFE0012BB27 /* Constants.swift */,
			);
			name = Supporting;
			path = ..;
			sourceTree = "<group>";
		};
		89F191B62067AF4A00D9B5CB /* Models */ = {
			isa = PBXGroup;
			children = (
				89F191B72067AF6300D9B5CB /* PlantTableViewCell.swift */,
			);
			path = Models;
			sourceTree = "<group>";
		};
		A36440D7506E492120BBDE84 /* Pods */ = {
			isa = PBXGroup;
			children = (
				FB26856CE1D98340E94D7598 /* Pods-IntelligentPlanting.debug.xcconfig */,
				D5667683CD6E9622A889C174 /* Pods-IntelligentPlanting.release.xcconfig */,
			);
			name = Pods;
			sourceTree = "<group>";
		};
		CEFEDFC2E52CE27841906693 /* Frameworks */ = {
			isa = PBXGroup;
			children = (
				EFCD18FB142E5DB24B8A1C8B /* Pods_IntelligentPlanting.framework */,
			);
			name = Frameworks;
			sourceTree = "<group>";
		};
/* End PBXGroup section */

/* Begin PBXNativeTarget section */
		8948408A2066CA540012BB27 /* IntelligentPlanting */ = {
			isa = PBXNativeTarget;
			buildConfigurationList = 8948409F2066CA540012BB27 /* Build configuration list for PBXNativeTarget "IntelligentPlanting" */;
			buildPhases = (
				91DF407A77556DD5D961A691 /* [CP] Check Pods Manifest.lock */,
				894840872066CA540012BB27 /* Sources */,
				894840882066CA540012BB27 /* Frameworks */,
				894840892066CA540012BB27 /* Resources */,
				CC811F1406E98E7F6C49D421 /* [CP] Embed Pods Frameworks */,
				AD5D788B6BAA5B5879629265 /* [CP] Copy Pods Resources */,
			);
			buildRules = (
			);
			dependencies = (
			);
			name = IntelligentPlanting;
			productName = IntelligentPlanting;
			productReference = 8948408B2066CA540012BB27 /* IntelligentPlanting.app */;
			productType = "com.apple.product-type.application";
		};
/* End PBXNativeTarget section */

/* Begin PBXProject section */
		894840832066CA540012BB27 /* Project object */ = {
			isa = PBXProject;
			attributes = {
				LastSwiftUpdateCheck = 0920;
				LastUpgradeCheck = 0920;
				ORGANIZATIONNAME = "Howard Wang";
				TargetAttributes = {
					8948408A2066CA540012BB27 = {
						CreatedOnToolsVersion = 9.2;
						ProvisioningStyle = Automatic;
						SystemCapabilities = {
							com.apple.BackgroundModes = {
								enabled = 0;
							};
							com.apple.Push = {
								enabled = 1;
							};
						};
					};
				};
			};
			buildConfigurationList = 894840862066CA540012BB27 /* Build configuration list for PBXProject "IntelligentPlanting" */;
			compatibilityVersion = "Xcode 8.0";
			developmentRegion = en;
			hasScannedForEncodings = 0;
			knownRegions = (
				en,
				Base,
			);
			mainGroup = 894840822066CA540012BB27;
			productRefGroup = 8948408C2066CA540012BB27 /* Products */;
			projectDirPath = "";
			projectRoot = "";
			targets = (
				8948408A2066CA540012BB27 /* IntelligentPlanting */,
			);
		};
/* End PBXProject section */

/* Begin PBXResourcesBuildPhase section */
		894840892066CA540012BB27 /* Resources */ = {
			isa = PBXResourcesBuildPhase;
			buildActionMask = 2147483647;
			files = (
				894840912066CA540012BB27 /* art.scnassets in Resources */,
				8948409B2066CA540012BB27 /* LaunchScreen.storyboard in Resources */,
				A2800B752067852600AE25D1 /* GoogleService-Info.plist in Resources */,
				894840982066CA540012BB27 /* Assets.xcassets in Resources */,
				A2800B7C2067AFAE00AE25D1 /* demo-image.jpg in Resources */,
				894840962066CA540012BB27 /* Main.storyboard in Resources */,
			);
			runOnlyForDeploymentPostprocessing = 0;
		};
/* End PBXResourcesBuildPhase section */

/* Begin PBXShellScriptBuildPhase section */
		91DF407A77556DD5D961A691 /* [CP] Check Pods Manifest.lock */ = {
			isa = PBXShellScriptBuildPhase;
			buildActionMask = 2147483647;
			files = (
			);
			inputPaths = (
				"${PODS_PODFILE_DIR_PATH}/Podfile.lock",
				"${PODS_ROOT}/Manifest.lock",
			);
			name = "[CP] Check Pods Manifest.lock";
			outputPaths = (
				"$(DERIVED_FILE_DIR)/Pods-IntelligentPlanting-checkManifestLockResult.txt",
			);
			runOnlyForDeploymentPostprocessing = 0;
			shellPath = /bin/sh;
			shellScript = "diff \"${PODS_PODFILE_DIR_PATH}/Podfile.lock\" \"${PODS_ROOT}/Manifest.lock\" > /dev/null\nif [ $? != 0 ] ; then\n    # print error to STDERR\n    echo \"error: The sandbox is not in sync with the Podfile.lock. Run 'pod install' or update your CocoaPods installation.\" >&2\n    exit 1\nfi\n# This output is used by Xcode 'outputs' to avoid re-running this script phase.\necho \"SUCCESS\" > \"${SCRIPT_OUTPUT_FILE_0}\"\n";
			showEnvVarsInLog = 0;
		};
		AD5D788B6BAA5B5879629265 /* [CP] Copy Pods Resources */ = {
			isa = PBXShellScriptBuildPhase;
			buildActionMask = 2147483647;
			files = (
			);
			inputPaths = (
			);
			name = "[CP] Copy Pods Resources";
			outputPaths = (
			);
			runOnlyForDeploymentPostprocessing = 0;
			shellPath = /bin/sh;
			shellScript = "\"${SRCROOT}/Pods/Target Support Files/Pods-IntelligentPlanting/Pods-IntelligentPlanting-resources.sh\"\n";
			showEnvVarsInLog = 0;
		};
		CC811F1406E98E7F6C49D421 /* [CP] Embed Pods Frameworks */ = {
			isa = PBXShellScriptBuildPhase;
			buildActionMask = 2147483647;
			files = (
			);
			inputPaths = (
				"${SRCROOT}/Pods/Target Support Files/Pods-IntelligentPlanting/Pods-IntelligentPlanting-frameworks.sh",
				"${BUILT_PRODUCTS_DIR}/Alamofire/Alamofire.framework",
				"${BUILT_PRODUCTS_DIR}/GoogleToolboxForMac/GoogleToolboxForMac.framework",
				"${BUILT_PRODUCTS_DIR}/leveldb-library/leveldb.framework",
				"${BUILT_PRODUCTS_DIR}/nanopb/nanopb.framework",
			);
			name = "[CP] Embed Pods Frameworks";
			outputPaths = (
				"${TARGET_BUILD_DIR}/${FRAMEWORKS_FOLDER_PATH}/Alamofire.framework",
				"${TARGET_BUILD_DIR}/${FRAMEWORKS_FOLDER_PATH}/GoogleToolboxForMac.framework",
				"${TARGET_BUILD_DIR}/${FRAMEWORKS_FOLDER_PATH}/leveldb.framework",
				"${TARGET_BUILD_DIR}/${FRAMEWORKS_FOLDER_PATH}/nanopb.framework",
			);
			runOnlyForDeploymentPostprocessing = 0;
			shellPath = /bin/sh;
			shellScript = "\"${SRCROOT}/Pods/Target Support Files/Pods-IntelligentPlanting/Pods-IntelligentPlanting-frameworks.sh\"\n";
			showEnvVarsInLog = 0;
		};
/* End PBXShellScriptBuildPhase section */

/* Begin PBXSourcesBuildPhase section */
		894840872066CA540012BB27 /* Sources */ = {
			isa = PBXSourcesBuildPhase;
			buildActionMask = 2147483647;
			files = (
				8948408F2066CA540012BB27 /* AppDelegate.swift in Sources */,
				89F191B82067AF6300D9B5CB /* PlantTableViewCell.swift in Sources */,
				894840B6206725010012BB27 /* ServerService.swift in Sources */,
				A2800B7E2067B0E200AE25D1 /* VisionAPI.swift in Sources */,
				894840A82066D5550012BB27 /* ARViewController.swift in Sources */,
				894840B02066D5F10012BB27 /* HomeViewController.swift in Sources */,
				894840B42066DAFE0012BB27 /* Constants.swift in Sources */,
			);
			runOnlyForDeploymentPostprocessing = 0;
		};
/* End PBXSourcesBuildPhase section */

/* Begin PBXVariantGroup section */
		894840942066CA540012BB27 /* Main.storyboard */ = {
			isa = PBXVariantGroup;
			children = (
				894840952066CA540012BB27 /* Base */,
			);
			name = Main.storyboard;
			sourceTree = "<group>";
		};
		894840992066CA540012BB27 /* LaunchScreen.storyboard */ = {
			isa = PBXVariantGroup;
			children = (
				8948409A2066CA540012BB27 /* Base */,
			);
			name = LaunchScreen.storyboard;
			sourceTree = "<group>";
		};
/* End PBXVariantGroup section */

/* Begin XCBuildConfiguration section */
		8948409D2066CA540012BB27 /* Debug */ = {
			isa = XCBuildConfiguration;
			buildSettings = {
				ALWAYS_SEARCH_USER_PATHS = NO;
				CLANG_ANALYZER_NONNULL = YES;
				CLANG_ANALYZER_NUMBER_OBJECT_CONVERSION = YES_AGGRESSIVE;
				CLANG_CXX_LANGUAGE_STANDARD = "gnu++14";
				CLANG_CXX_LIBRARY = "libc++";
				CLANG_ENABLE_MODULES = YES;
				CLANG_ENABLE_OBJC_ARC = YES;
				CLANG_WARN_BLOCK_CAPTURE_AUTORELEASING = YES;
				CLANG_WARN_BOOL_CONVERSION = YES;
				CLANG_WARN_COMMA = YES;
				CLANG_WARN_CONSTANT_CONVERSION = YES;
				CLANG_WARN_DIRECT_OBJC_ISA_USAGE = YES_ERROR;
				CLANG_WARN_DOCUMENTATION_COMMENTS = YES;
				CLANG_WARN_EMPTY_BODY = YES;
				CLANG_WARN_ENUM_CONVERSION = YES;
				CLANG_WARN_INFINITE_RECURSION = YES;
				CLANG_WARN_INT_CONVERSION = YES;
				CLANG_WARN_NON_LITERAL_NULL_CONVERSION = YES;
				CLANG_WARN_OBJC_LITERAL_CONVERSION = YES;
				CLANG_WARN_OBJC_ROOT_CLASS = YES_ERROR;
				CLANG_WARN_RANGE_LOOP_ANALYSIS = YES;
				CLANG_WARN_STRICT_PROTOTYPES = YES;
				CLANG_WARN_SUSPICIOUS_MOVE = YES;
				CLANG_WARN_UNGUARDED_AVAILABILITY = YES_AGGRESSIVE;
				CLANG_WARN_UNREACHABLE_CODE = YES;
				CLANG_WARN__DUPLICATE_METHOD_MATCH = YES;
				CODE_SIGN_IDENTITY = "iPhone Developer";
				COPY_PHASE_STRIP = NO;
				DEBUG_INFORMATION_FORMAT = dwarf;
				ENABLE_STRICT_OBJC_MSGSEND = YES;
				ENABLE_TESTABILITY = YES;
				GCC_C_LANGUAGE_STANDARD = gnu11;
				GCC_DYNAMIC_NO_PIC = NO;
				GCC_NO_COMMON_BLOCKS = YES;
				GCC_OPTIMIZATION_LEVEL = 0;
				GCC_PREPROCESSOR_DEFINITIONS = (
					"DEBUG=1",
					"$(inherited)",
				);
				GCC_WARN_64_TO_32_BIT_CONVERSION = YES;
				GCC_WARN_ABOUT_RETURN_TYPE = YES_ERROR;
				GCC_WARN_UNDECLARED_SELECTOR = YES;
				GCC_WARN_UNINITIALIZED_AUTOS = YES_AGGRESSIVE;
				GCC_WARN_UNUSED_FUNCTION = YES;
				GCC_WARN_UNUSED_VARIABLE = YES;
				IPHONEOS_DEPLOYMENT_TARGET = 11.2;
				MTL_ENABLE_DEBUG_INFO = YES;
				ONLY_ACTIVE_ARCH = YES;
				SDKROOT = iphoneos;
				SWIFT_ACTIVE_COMPILATION_CONDITIONS = DEBUG;
				SWIFT_OPTIMIZATION_LEVEL = "-Onone";
			};
			name = Debug;
		};
		8948409E2066CA540012BB27 /* Release */ = {
			isa = XCBuildConfiguration;
			buildSettings = {
				ALWAYS_SEARCH_USER_PATHS = NO;
				CLANG_ANALYZER_NONNULL = YES;
				CLANG_ANALYZER_NUMBER_OBJECT_CONVERSION = YES_AGGRESSIVE;
				CLANG_CXX_LANGUAGE_STANDARD = "gnu++14";
				CLANG_CXX_LIBRARY = "libc++";
				CLANG_ENABLE_MODULES = YES;
				CLANG_ENABLE_OBJC_ARC = YES;
				CLANG_WARN_BLOCK_CAPTURE_AUTORELEASING = YES;
				CLANG_WARN_BOOL_CONVERSION = YES;
				CLANG_WARN_COMMA = YES;
				CLANG_WARN_CONSTANT_CONVERSION = YES;
				CLANG_WARN_DIRECT_OBJC_ISA_USAGE = YES_ERROR;
				CLANG_WARN_DOCUMENTATION_COMMENTS = YES;
				CLANG_WARN_EMPTY_BODY = YES;
				CLANG_WARN_ENUM_CONVERSION = YES;
				CLANG_WARN_INFINITE_RECURSION = YES;
				CLANG_WARN_INT_CONVERSION = YES;
				CLANG_WARN_NON_LITERAL_NULL_CONVERSION = YES;
				CLANG_WARN_OBJC_LITERAL_CONVERSION = YES;
				CLANG_WARN_OBJC_ROOT_CLASS = YES_ERROR;
				CLANG_WARN_RANGE_LOOP_ANALYSIS = YES;
				CLANG_WARN_STRICT_PROTOTYPES = YES;
				CLANG_WARN_SUSPICIOUS_MOVE = YES;
				CLANG_WARN_UNGUARDED_AVAILABILITY = YES_AGGRESSIVE;
				CLANG_WARN_UNREACHABLE_CODE = YES;
				CLANG_WARN__DUPLICATE_METHOD_MATCH = YES;
				CODE_SIGN_IDENTITY = "iPhone Developer";
				COPY_PHASE_STRIP = NO;
				DEBUG_INFORMATION_FORMAT = "dwarf-with-dsym";
				ENABLE_NS_ASSERTIONS = NO;
				ENABLE_STRICT_OBJC_MSGSEND = YES;
				GCC_C_LANGUAGE_STANDARD = gnu11;
				GCC_NO_COMMON_BLOCKS = YES;
				GCC_WARN_64_TO_32_BIT_CONVERSION = YES;
				GCC_WARN_ABOUT_RETURN_TYPE = YES_ERROR;
				GCC_WARN_UNDECLARED_SELECTOR = YES;
				GCC_WARN_UNINITIALIZED_AUTOS = YES_AGGRESSIVE;
				GCC_WARN_UNUSED_FUNCTION = YES;
				GCC_WARN_UNUSED_VARIABLE = YES;
				IPHONEOS_DEPLOYMENT_TARGET = 11.2;
				MTL_ENABLE_DEBUG_INFO = NO;
				SDKROOT = iphoneos;
				SWIFT_OPTIMIZATION_LEVEL = "-Owholemodule";
				VALIDATE_PRODUCT = YES;
			};
			name = Release;
		};
		894840A02066CA540012BB27 /* Debug */ = {
			isa = XCBuildConfiguration;
			baseConfigurationReference = FB26856CE1D98340E94D7598 /* Pods-IntelligentPlanting.debug.xcconfig */;
			buildSettings = {
				ASSETCATALOG_COMPILER_APPICON_NAME = AppIcon;
				CODE_SIGN_ENTITLEMENTS = IntelligentPlanting/IntelligentPlanting.entitlements;
				CODE_SIGN_STYLE = Automatic;
				DEVELOPMENT_TEAM = 65777GTD95;
				INFOPLIST_FILE = "$(SRCROOT)/IntelligentPlanting/Supporting/Info.plist";
				LD_RUNPATH_SEARCH_PATHS = "$(inherited) @executable_path/Frameworks";
				PRODUCT_BUNDLE_IDENTIFIER = com.MangoApps.IntelligentPlanting;
				PRODUCT_NAME = "$(TARGET_NAME)";
				SWIFT_VERSION = 4.0;
				TARGETED_DEVICE_FAMILY = "1,2";
			};
			name = Debug;
		};
		894840A12066CA540012BB27 /* Release */ = {
			isa = XCBuildConfiguration;
			baseConfigurationReference = D5667683CD6E9622A889C174 /* Pods-IntelligentPlanting.release.xcconfig */;
			buildSettings = {
				ASSETCATALOG_COMPILER_APPICON_NAME = AppIcon;
				CODE_SIGN_ENTITLEMENTS = IntelligentPlanting/IntelligentPlanting.entitlements;
				CODE_SIGN_STYLE = Automatic;
				DEVELOPMENT_TEAM = 65777GTD95;
				INFOPLIST_FILE = "$(SRCROOT)/IntelligentPlanting/Supporting/Info.plist";
				LD_RUNPATH_SEARCH_PATHS = "$(inherited) @executable_path/Frameworks";
				PRODUCT_BUNDLE_IDENTIFIER = com.MangoApps.IntelligentPlanting;
				PRODUCT_NAME = "$(TARGET_NAME)";
				SWIFT_VERSION = 4.0;
				TARGETED_DEVICE_FAMILY = "1,2";
			};
			name = Release;
		};
/* End XCBuildConfiguration section */

/* Begin XCConfigurationList section */
		894840862066CA540012BB27 /* Build configuration list for PBXProject "IntelligentPlanting" */ = {
			isa = XCConfigurationList;
			buildConfigurations = (
				8948409D2066CA540012BB27 /* Debug */,
				8948409E2066CA540012BB27 /* Release */,
			);
			defaultConfigurationIsVisible = 0;
			defaultConfigurationName = Release;
		};
		8948409F2066CA540012BB27 /* Build configuration list for PBXNativeTarget "IntelligentPlanting" */ = {
			isa = XCConfigurationList;
			buildConfigurations = (
				894840A02066CA540012BB27 /* Debug */,
				894840A12066CA540012BB27 /* Release */,
			);
			defaultConfigurationIsVisible = 0;
			defaultConfigurationName = Release;
		};
/* End XCConfigurationList section */
	};
	rootObject = 894840832066CA540012BB27 /* Project object */;
}
