// !$*UTF8*$!
{
	archiveVersion = 1;
	classes = {
	};
	objectVersion = 48;
	objects = {

/* Begin PBXBuildFile section */
		894840712066C9BE0012BB27 /* AppDelegate.swift in Sources */ = {isa = PBXBuildFile; fileRef = 894840702066C9BE0012BB27 /* AppDelegate.swift */; };
		894840732066C9BE0012BB27 /* ViewController.swift in Sources */ = {isa = PBXBuildFile; fileRef = 894840722066C9BE0012BB27 /* ViewController.swift */; };
		894840762066C9BE0012BB27 /* Main.storyboard in Resources */ = {isa = PBXBuildFile; fileRef = 894840742066C9BE0012BB27 /* Main.storyboard */; };
		894840782066C9BE0012BB27 /* Assets.xcassets in Resources */ = {isa = PBXBuildFile; fileRef = 894840772066C9BE0012BB27 /* Assets.xcassets */; };
		8948407B2066C9BE0012BB27 /* LaunchScreen.storyboard in Resources */ = {isa = PBXBuildFile; fileRef = 894840792066C9BE0012BB27 /* LaunchScreen.storyboard */; };
/* End PBXBuildFile section */

/* Begin PBXFileReference section */
		8948406D2066C9BE0012BB27 /* IntelligentPlanting.app */ = {isa = PBXFileReference; explicitFileType = wrapper.application; includeInIndex = 0; path = IntelligentPlanting.app; sourceTree = BUILT_PRODUCTS_DIR; };
		894840702066C9BE0012BB27 /* AppDelegate.swift */ = {isa = PBXFileReference; lastKnownFileType = sourcecode.swift; path = AppDelegate.swift; sourceTree = "<group>"; };
		894840722066C9BE0012BB27 /* ViewController.swift */ = {isa = PBXFileReference; lastKnownFileType = sourcecode.swift; path = ViewController.swift; sourceTree = "<group>"; };
		894840752066C9BE0012BB27 /* Base */ = {isa = PBXFileReference; lastKnownFileType = file.storyboard; name = Base; path = Base.lproj/Main.storyboard; sourceTree = "<group>"; };
		894840772066C9BE0012BB27 /* Assets.xcassets */ = {isa = PBXFileReference; lastKnownFileType = folder.assetcatalog; path = Assets.xcassets; sourceTree = "<group>"; };
		8948407A2066C9BE0012BB27 /* Base */ = {isa = PBXFileReference; lastKnownFileType = file.storyboard; name = Base; path = Base.lproj/LaunchScreen.storyboard; sourceTree = "<group>"; };
		8948407C2066C9BE0012BB27 /* Info.plist */ = {isa = PBXFileReference; lastKnownFileType = text.plist.xml; path = Info.plist; sourceTree = "<group>"; };
/* End PBXFileReference section */

/* Begin PBXFrameworksBuildPhase section */
		8948406A2066C9BE0012BB27 /* Frameworks */ = {
			isa = PBXFrameworksBuildPhase;
			buildActionMask = 2147483647;
			files = (
			);
			runOnlyForDeploymentPostprocessing = 0;
		};
/* End PBXFrameworksBuildPhase section */

/* Begin PBXGroup section */
		894840642066C9BE0012BB27 = {
			isa = PBXGroup;
			children = (
				8948406F2066C9BE0012BB27 /* IntelligentPlanting */,
				8948406E2066C9BE0012BB27 /* Products */,
			);
			sourceTree = "<group>";
		};
		8948406E2066C9BE0012BB27 /* Products */ = {
			isa = PBXGroup;
			children = (
				8948406D2066C9BE0012BB27 /* IntelligentPlanting.app */,
			);
			name = Products;
			sourceTree = "<group>";
		};
		8948406F2066C9BE0012BB27 /* IntelligentPlanting */ = {
			isa = PBXGroup;
			children = (
				894840702066C9BE0012BB27 /* AppDelegate.swift */,
				894840722066C9BE0012BB27 /* ViewController.swift */,
				894840742066C9BE0012BB27 /* Main.storyboard */,
				894840772066C9BE0012BB27 /* Assets.xcassets */,
				894840792066C9BE0012BB27 /* LaunchScreen.storyboard */,
				8948407C2066C9BE0012BB27 /* Info.plist */,
			);
			path = IntelligentPlanting;
			sourceTree = "<group>";
		};
/* End PBXGroup section */

/* Begin PBXNativeTarget section */
		8948406C2066C9BE0012BB27 /* IntelligentPlanting */ = {
			isa = PBXNativeTarget;
			buildConfigurationList = 8948407F2066C9BE0012BB27 /* Build configuration list for PBXNativeTarget "IntelligentPlanting" */;
			buildPhases = (
				894840692066C9BE0012BB27 /* Sources */,
				8948406A2066C9BE0012BB27 /* Frameworks */,
				8948406B2066C9BE0012BB27 /* Resources */,
			);
			buildRules = (
			);
			dependencies = (
			);
			name = IntelligentPlanting;
			productName = IntelligentPlanting;
			productReference = 8948406D2066C9BE0012BB27 /* IntelligentPlanting.app */;
			productType = "com.apple.product-type.application";
		};
/* End PBXNativeTarget section */

/* Begin PBXProject section */
		894840652066C9BE0012BB27 /* Project object */ = {
			isa = PBXProject;
			attributes = {
				LastSwiftUpdateCheck = 0920;
				LastUpgradeCheck = 0920;
				ORGANIZATIONNAME = "Howard Wang";
				TargetAttributes = {
					8948406C2066C9BE0012BB27 = {
						CreatedOnToolsVersion = 9.2;
						ProvisioningStyle = Automatic;
					};
				};
			};
			buildConfigurationList = 894840682066C9BE0012BB27 /* Build configuration list for PBXProject "IntelligentPlanting" */;
			compatibilityVersion = "Xcode 8.0";
			developmentRegion = en;
			hasScannedForEncodings = 0;
			knownRegions = (
				en,
				Base,
			);
			mainGroup = 894840642066C9BE0012BB27;
			productRefGroup = 8948406E2066C9BE0012BB27 /* Products */;
			projectDirPath = "";
			projectRoot = "";
			targets = (
				8948406C2066C9BE0012BB27 /* IntelligentPlanting */,
			);
		};
/* End PBXProject section */

/* Begin PBXResourcesBuildPhase section */
		8948406B2066C9BE0012BB27 /* Resources */ = {
			isa = PBXResourcesBuildPhase;
			buildActionMask = 2147483647;
			files = (
				8948407B2066C9BE0012BB27 /* LaunchScreen.storyboard in Resources */,
				894840782066C9BE0012BB27 /* Assets.xcassets in Resources */,
				894840762066C9BE0012BB27 /* Main.storyboard in Resources */,
			);
			runOnlyForDeploymentPostprocessing = 0;
		};
/* End PBXResourcesBuildPhase section */

/* Begin PBXSourcesBuildPhase section */
		894840692066C9BE0012BB27 /* Sources */ = {
			isa = PBXSourcesBuildPhase;
			buildActionMask = 2147483647;
			files = (
				894840732066C9BE0012BB27 /* ViewController.swift in Sources */,
				894840712066C9BE0012BB27 /* AppDelegate.swift in Sources */,
			);
			runOnlyForDeploymentPostprocessing = 0;
		};
/* End PBXSourcesBuildPhase section */

/* Begin PBXVariantGroup section */
		894840742066C9BE0012BB27 /* Main.storyboard */ = {
			isa = PBXVariantGroup;
			children = (
				894840752066C9BE0012BB27 /* Base */,
			);
			name = Main.storyboard;
			sourceTree = "<group>";
		};
		894840792066C9BE0012BB27 /* LaunchScreen.storyboard */ = {
			isa = PBXVariantGroup;
			children = (
				8948407A2066C9BE0012BB27 /* Base */,
			);
			name = LaunchScreen.storyboard;
			sourceTree = "<group>";
		};
/* End PBXVariantGroup section */

/* Begin XCBuildConfiguration section */
		8948407D2066C9BE0012BB27 /* Debug */ = {
			isa = XCBuildConfiguration;
			buildSettings = {
				ALWAYS_SEARCH_USER_PATHS = NO;
				CLANG_ANALYZER_NONNULL = YES;
				CLANG_ANALYZER_NUMBER_OBJECT_CONVERSION = YES_AGGRESSIVE;
				CLANG_CXX_LANGUAGE_STANDARD = "gnu++14";
				CLANG_CXX_LIBRARY = "libc++";
				CLANG_ENABLE_MODULES = YES;
				CLANG_ENABLE_OBJC_ARC = YES;
				CLANG_WARN_BLOCK_CAPTURE_AUTORELEASING = YES;
				CLANG_WARN_BOOL_CONVERSION = YES;
				CLANG_WARN_COMMA = YES;
				CLANG_WARN_CONSTANT_CONVERSION = YES;
				CLANG_WARN_DIRECT_OBJC_ISA_USAGE = YES_ERROR;
				CLANG_WARN_DOCUMENTATION_COMMENTS = YES;
				CLANG_WARN_EMPTY_BODY = YES;
				CLANG_WARN_ENUM_CONVERSION = YES;
				CLANG_WARN_INFINITE_RECURSION = YES;
				CLANG_WARN_INT_CONVERSION = YES;
				CLANG_WARN_NON_LITERAL_NULL_CONVERSION = YES;
				CLANG_WARN_OBJC_LITERAL_CONVERSION = YES;
				CLANG_WARN_OBJC_ROOT_CLASS = YES_ERROR;
				CLANG_WARN_RANGE_LOOP_ANALYSIS = YES;
				CLANG_WARN_STRICT_PROTOTYPES = YES;
				CLANG_WARN_SUSPICIOUS_MOVE = YES;
				CLANG_WARN_UNGUARDED_AVAILABILITY = YES_AGGRESSIVE;
				CLANG_WARN_UNREACHABLE_CODE = YES;
				CLANG_WARN__DUPLICATE_METHOD_MATCH = YES;
				CODE_SIGN_IDENTITY = "iPhone Developer";
				COPY_PHASE_STRIP = NO;
				DEBUG_INFORMATION_FORMAT = dwarf;
				ENABLE_STRICT_OBJC_MSGSEND = YES;
				ENABLE_TESTABILITY = YES;
				GCC_C_LANGUAGE_STANDARD = gnu11;
				GCC_DYNAMIC_NO_PIC = NO;
				GCC_NO_COMMON_BLOCKS = YES;
				GCC_OPTIMIZATION_LEVEL = 0;
				GCC_PREPROCESSOR_DEFINITIONS = (
					"DEBUG=1",
					"$(inherited)",
				);
				GCC_WARN_64_TO_32_BIT_CONVERSION = YES;
				GCC_WARN_ABOUT_RETURN_TYPE = YES_ERROR;
				GCC_WARN_UNDECLARED_SELECTOR = YES;
				GCC_WARN_UNINITIALIZED_AUTOS = YES_AGGRESSIVE;
				GCC_WARN_UNUSED_FUNCTION = YES;
				GCC_WARN_UNUSED_VARIABLE = YES;
				IPHONEOS_DEPLOYMENT_TARGET = 11.2;
				MTL_ENABLE_DEBUG_INFO = YES;
				ONLY_ACTIVE_ARCH = YES;
				SDKROOT = iphoneos;
				SWIFT_ACTIVE_COMPILATION_CONDITIONS = DEBUG;
				SWIFT_OPTIMIZATION_LEVEL = "-Onone";
			};
			name = Debug;
		};
		8948407E2066C9BE0012BB27 /* Release */ = {
			isa = XCBuildConfiguration;
			buildSettings = {
				ALWAYS_SEARCH_USER_PATHS = NO;
				CLANG_ANALYZER_NONNULL = YES;
				CLANG_ANALYZER_NUMBER_OBJECT_CONVERSION = YES_AGGRESSIVE;
				CLANG_CXX_LANGUAGE_STANDARD = "gnu++14";
				CLANG_CXX_LIBRARY = "libc++";
				CLANG_ENABLE_MODULES = YES;
				CLANG_ENABLE_OBJC_ARC = YES;
				CLANG_WARN_BLOCK_CAPTURE_AUTORELEASING = YES;
				CLANG_WARN_BOOL_CONVERSION = YES;
				CLANG_WARN_COMMA = YES;
				CLANG_WARN_CONSTANT_CONVERSION = YES;
				CLANG_WARN_DIRECT_OBJC_ISA_USAGE = YES_ERROR;
				CLANG_WARN_DOCUMENTATION_COMMENTS = YES;
				CLANG_WARN_EMPTY_BODY = YES;
				CLANG_WARN_ENUM_CONVERSION = YES;
				CLANG_WARN_INFINITE_RECURSION = YES;
				CLANG_WARN_INT_CONVERSION = YES;
				CLANG_WARN_NON_LITERAL_NULL_CONVERSION = YES;
				CLANG_WARN_OBJC_LITERAL_CONVERSION = YES;
				CLANG_WARN_OBJC_ROOT_CLASS = YES_ERROR;
				CLANG_WARN_RANGE_LOOP_ANALYSIS = YES;
				CLANG_WARN_STRICT_PROTOTYPES = YES;
				CLANG_WARN_SUSPICIOUS_MOVE = YES;
				CLANG_WARN_UNGUARDED_AVAILABILITY = YES_AGGRESSIVE;
				CLANG_WARN_UNREACHABLE_CODE = YES;
				CLANG_WARN__DUPLICATE_METHOD_MATCH = YES;
				CODE_SIGN_IDENTITY = "iPhone Developer";
				COPY_PHASE_STRIP = NO;
				DEBUG_INFORMATION_FORMAT = "dwarf-with-dsym";
				ENABLE_NS_ASSERTIONS = NO;
				ENABLE_STRICT_OBJC_MSGSEND = YES;
				GCC_C_LANGUAGE_STANDARD = gnu11;
				GCC_NO_COMMON_BLOCKS = YES;
				GCC_WARN_64_TO_32_BIT_CONVERSION = YES;
				GCC_WARN_ABOUT_RETURN_TYPE = YES_ERROR;
				GCC_WARN_UNDECLARED_SELECTOR = YES;
				GCC_WARN_UNINITIALIZED_AUTOS = YES_AGGRESSIVE;
				GCC_WARN_UNUSED_FUNCTION = YES;
				GCC_WARN_UNUSED_VARIABLE = YES;
				IPHONEOS_DEPLOYMENT_TARGET = 11.2;
				MTL_ENABLE_DEBUG_INFO = NO;
				SDKROOT = iphoneos;
				SWIFT_OPTIMIZATION_LEVEL = "-Owholemodule";
				VALIDATE_PRODUCT = YES;
			};
			name = Release;
		};
		894840802066C9BE0012BB27 /* Debug */ = {
			isa = XCBuildConfiguration;
			buildSettings = {
				ASSETCATALOG_COMPILER_APPICON_NAME = AppIcon;
				CODE_SIGN_STYLE = Automatic;
				DEVELOPMENT_TEAM = 84R2JMF96C;
				INFOPLIST_FILE = IntelligentPlanting/Info.plist;
				LD_RUNPATH_SEARCH_PATHS = "$(inherited) @executable_path/Frameworks";
				PRODUCT_BUNDLE_IDENTIFIER = com.hwang.IntelligentPlanting;
				PRODUCT_NAME = "$(TARGET_NAME)";
				SWIFT_VERSION = 4.0;
				TARGETED_DEVICE_FAMILY = "1,2";
			};
			name = Debug;
		};
		894840812066C9BE0012BB27 /* Release */ = {
			isa = XCBuildConfiguration;
			buildSettings = {
				ASSETCATALOG_COMPILER_APPICON_NAME = AppIcon;
				CODE_SIGN_STYLE = Automatic;
				DEVELOPMENT_TEAM = 84R2JMF96C;
				INFOPLIST_FILE = IntelligentPlanting/Info.plist;
				LD_RUNPATH_SEARCH_PATHS = "$(inherited) @executable_path/Frameworks";
				PRODUCT_BUNDLE_IDENTIFIER = com.hwang.IntelligentPlanting;
				PRODUCT_NAME = "$(TARGET_NAME)";
				SWIFT_VERSION = 4.0;
				TARGETED_DEVICE_FAMILY = "1,2";
			};
			name = Release;
		};
/* End XCBuildConfiguration section */

/* Begin XCConfigurationList section */
		894840682066C9BE0012BB27 /* Build configuration list for PBXProject "IntelligentPlanting" */ = {
			isa = XCConfigurationList;
			buildConfigurations = (
				8948407D2066C9BE0012BB27 /* Debug */,
				8948407E2066C9BE0012BB27 /* Release */,
			);
			defaultConfigurationIsVisible = 0;
			defaultConfigurationName = Release;
		};
		8948407F2066C9BE0012BB27 /* Build configuration list for PBXNativeTarget "IntelligentPlanting" */ = {
			isa = XCConfigurationList;
			buildConfigurations = (
				894840802066C9BE0012BB27 /* Debug */,
				894840812066C9BE0012BB27 /* Release */,
			);
			defaultConfigurationIsVisible = 0;
			defaultConfigurationName = Release;
		};
/* End XCConfigurationList section */
	};
	rootObject = 894840652066C9BE0012BB27 /* Project object */;
}
